{
  "name": "js-animation",
  "version": "1.0.0",
  "lockfileVersion": 1,
  "requires": true,
  "dependencies": {
    "framesync": {
      "version": "5.2.0",
      "resolved": "https://registry.npmjs.org/framesync/-/framesync-5.2.0.tgz",
      "integrity": "sha512-dcl92w5SHc0o6pRK3//VBVNvu6WkYkiXmHG6ZIXrVzmgh0aDYMDAaoA3p3LH71JIdN5qmhDcfONFA4Lmq22tNA=="
    },
    "hey-listen": {
      "version": "1.0.8",
      "resolved": "https://registry.npmjs.org/hey-listen/-/hey-listen-1.0.8.tgz",
      "integrity": "sha512-COpmrF2NOg4TBWUJ5UVyaCU2A88wEMkUPK4hNqyCkqHbxT92BbvfjoSozkAIIm6XhicGlJHhFdullInrdhwU8Q=="
    },
    "popmotion": {
      "version": "9.3.1",
      "resolved": "https://registry.npmjs.org/popmotion/-/popmotion-9.3.1.tgz",
      "integrity": "sha512-Qozvg8rz2OGeZwWuIjqlSXqqgWto/+QL24ll8sAAc0n71KY/wvN1W4sAASxTuHv8YWdDnk9u9IdadyPo2DGvDA==",
      "requires": {
        "framesync": "5.2.0",
        "hey-listen": "^1.0.8",
        "style-value-types": "4.1.1",
        "tslib": "^1.10.0"
      }
    },
    "style-value-types": {
      "version": "4.1.1",
      "resolved": "https://registry.npmjs.org/style-value-types/-/style-value-types-4.1.1.tgz",
      "integrity": "sha512-cNLrl6jk+I1T18ZI2KIp/fcqKVuykcNELDrOz7y+TYZR97xmNdN0ewupURvVFnQxVrRJv98TMBq92VMsggq3kw==",
      "requires": {
        "hey-listen": "^1.0.8",
        "tslib": "^1.10.0"
      }
    },
    "tslib": {
      "version": "1.14.1",
      "resolved": "https://registry.npmjs.org/tslib/-/tslib-1.14.1.tgz",
      "integrity": "sha512-Xni35NKzjgMrwevysHTCArtLDpPvye8zV/0E4EyYn43P7/7qvQwPh9BGkHewbMulVntbigmcT7rdX3BNo9wRJg=="
    }
  }
}
